
Microsoft Visual Studio Solution File, Format Version 12.00
# Visual Studio 15
VisualStudioVersion = 15.0.26206.0
MinimumVisualStudioVersion = 10.0.40219.1
Project("{9A19103F-16F7-4668-BE54-9A1E7A4F7556}") = "Orbital.Models", "src\Orbital.Models\Orbital.Models.csproj", "{A4FFF752-B30D-4A5C-9109-8C327C9BA1CD}"
EndProject
Project("{9A19103F-16F7-4668-BE54-9A1E7A4F7556}") = "Orbital.Data", "src\Orbital.Data\Orbital.Data.csproj", "{BF1149B7-3DB7-415D-AAF4-894C8DE69C97}"
EndProject
Project("{9A19103F-16F7-4668-BE54-9A1E7A4F7556}") = "Orbital.Schema", "src\Orbital.Schema\Orbital.Schema.csproj", "{C2C802EE-E1D1-41CC-8F63-831617FFD251}"
EndProject
Project("{9A19103F-16F7-4668-BE54-9A1E7A4F7556}") = "Orbital.Web", "src\Orbital.Web\Orbital.Web.csproj", "{51E70CB7-10D9-4F40-AE86-FAA9528AA967}"
EndProject
Project("{9A19103F-16F7-4668-BE54-9A1E7A4F7556}") = "Orbital.Data.Tests", "test\Orbital.Data.Tests\Orbital.Data.Tests.csproj", "{258C6502-E048-4177-8657-293969DA057C}"
EndProject
Project("{9A19103F-16F7-4668-BE54-9A1E7A4F7556}") = "Orbital.Schema.Tests", "test\Orbital.Schema.Tests\Orbital.Schema.Tests.csproj", "{31C78D98-FB2F-465A-8485-3E01402F3027}"
EndProject
Project("{9A19103F-16F7-4668-BE54-9A1E7A4F7556}") = "Orbital.Web.Tests", "test\Orbital.Web.Tests\Orbital.Web.Tests.csproj", "{CB113B23-1298-491C-8879-167DA4642D4D}"
EndProject
Project("{9A19103F-16F7-4668-BE54-9A1E7A4F7556}") = "DbUp.Postgresql", "src\DbUp.Postgresql\DbUp.Postgresql.csproj", "{541292F0-CB95-4A55-A04A-0BA022313C7F}"
EndProject
Project("{2150E333-8FDC-42A3-9474-1A3956D46DE8}") = "Solution Items", "Solution Items", "{9D693299-EA2A-41D3-BDC1-64A6990C7F32}"
	ProjectSection(SolutionItems) = preProject
		README.md = README.md
	EndProjectSection
EndProject
Project("{2150E333-8FDC-42A3-9474-1A3956D46DE8}") = "Libraries", "Libraries", "{9CC79F12-F3F2-42B2-98EC-58E0ACB7BAC2}"
EndProject
Project("{FAE04EC0-301F-11D3-BF4B-00C04F79EFBC}") = "Respawn", "src\Respawn\Respawn.csproj", "{355BBF1E-EAB7-4DE8-877C-990273D96845}"
EndProject
Project("{FAE04EC0-301F-11D3-BF4B-00C04F79EFBC}") = "Orbital.Services", "Orbital.Services\Orbital.Services.csproj", "{8355137B-A90B-49DC-898B-428ED0A466A5}"
EndProject
Project("{FAE04EC0-301F-11D3-BF4B-00C04F79EFBC}") = "Orbital.Services.Test", "test\Orbital.Services.Test\Orbital.Services.Test.csproj", "{F67835B7-75D9-4982-B847-100BD10C28C3}"
EndProject
Global
	GlobalSection(SolutionConfigurationPlatforms) = preSolution
		Debug|Any CPU = Debug|Any CPU
		Debug|x64 = Debug|x64
		Debug|x86 = Debug|x86
		Release|Any CPU = Release|Any CPU
		Release|x64 = Release|x64
		Release|x86 = Release|x86
	EndGlobalSection
	GlobalSection(ProjectConfigurationPlatforms) = postSolution
		{A4FFF752-B30D-4A5C-9109-8C327C9BA1CD}.Debug|Any CPU.ActiveCfg = Debug|Any CPU
		{A4FFF752-B30D-4A5C-9109-8C327C9BA1CD}.Debug|Any CPU.Build.0 = Debug|Any CPU
		{A4FFF752-B30D-4A5C-9109-8C327C9BA1CD}.Debug|x64.ActiveCfg = Debug|x64
		{A4FFF752-B30D-4A5C-9109-8C327C9BA1CD}.Debug|x64.Build.0 = Debug|x64
		{A4FFF752-B30D-4A5C-9109-8C327C9BA1CD}.Debug|x86.ActiveCfg = Debug|x86
		{A4FFF752-B30D-4A5C-9109-8C327C9BA1CD}.Debug|x86.Build.0 = Debug|x86
		{A4FFF752-B30D-4A5C-9109-8C327C9BA1CD}.Release|Any CPU.ActiveCfg = Release|Any CPU
		{A4FFF752-B30D-4A5C-9109-8C327C9BA1CD}.Release|Any CPU.Build.0 = Release|Any CPU
		{A4FFF752-B30D-4A5C-9109-8C327C9BA1CD}.Release|x64.ActiveCfg = Release|x64
		{A4FFF752-B30D-4A5C-9109-8C327C9BA1CD}.Release|x64.Build.0 = Release|x64
		{A4FFF752-B30D-4A5C-9109-8C327C9BA1CD}.Release|x86.ActiveCfg = Release|x86
		{A4FFF752-B30D-4A5C-9109-8C327C9BA1CD}.Release|x86.Build.0 = Release|x86
		{BF1149B7-3DB7-415D-AAF4-894C8DE69C97}.Debug|Any CPU.ActiveCfg = Debug|Any CPU
		{BF1149B7-3DB7-415D-AAF4-894C8DE69C97}.Debug|Any CPU.Build.0 = Debug|Any CPU
		{BF1149B7-3DB7-415D-AAF4-894C8DE69C97}.Debug|x64.ActiveCfg = Debug|x64
		{BF1149B7-3DB7-415D-AAF4-894C8DE69C97}.Debug|x64.Build.0 = Debug|x64
		{BF1149B7-3DB7-415D-AAF4-894C8DE69C97}.Debug|x86.ActiveCfg = Debug|x86
		{BF1149B7-3DB7-415D-AAF4-894C8DE69C97}.Debug|x86.Build.0 = Debug|x86
		{BF1149B7-3DB7-415D-AAF4-894C8DE69C97}.Release|Any CPU.ActiveCfg = Release|Any CPU
		{BF1149B7-3DB7-415D-AAF4-894C8DE69C97}.Release|Any CPU.Build.0 = Release|Any CPU
		{BF1149B7-3DB7-415D-AAF4-894C8DE69C97}.Release|x64.ActiveCfg = Release|x64
		{BF1149B7-3DB7-415D-AAF4-894C8DE69C97}.Release|x64.Build.0 = Release|x64
		{BF1149B7-3DB7-415D-AAF4-894C8DE69C97}.Release|x86.ActiveCfg = Release|x86
		{BF1149B7-3DB7-415D-AAF4-894C8DE69C97}.Release|x86.Build.0 = Release|x86
		{C2C802EE-E1D1-41CC-8F63-831617FFD251}.Debug|Any CPU.ActiveCfg = Debug|Any CPU
		{C2C802EE-E1D1-41CC-8F63-831617FFD251}.Debug|Any CPU.Build.0 = Debug|Any CPU
		{C2C802EE-E1D1-41CC-8F63-831617FFD251}.Debug|x64.ActiveCfg = Debug|x64
		{C2C802EE-E1D1-41CC-8F63-831617FFD251}.Debug|x64.Build.0 = Debug|x64
		{C2C802EE-E1D1-41CC-8F63-831617FFD251}.Debug|x86.ActiveCfg = Debug|x86
		{C2C802EE-E1D1-41CC-8F63-831617FFD251}.Debug|x86.Build.0 = Debug|x86
		{C2C802EE-E1D1-41CC-8F63-831617FFD251}.Release|Any CPU.ActiveCfg = Release|Any CPU
		{C2C802EE-E1D1-41CC-8F63-831617FFD251}.Release|Any CPU.Build.0 = Release|Any CPU
		{C2C802EE-E1D1-41CC-8F63-831617FFD251}.Release|x64.ActiveCfg = Release|x64
		{C2C802EE-E1D1-41CC-8F63-831617FFD251}.Release|x64.Build.0 = Release|x64
		{C2C802EE-E1D1-41CC-8F63-831617FFD251}.Release|x86.ActiveCfg = Release|x86
		{C2C802EE-E1D1-41CC-8F63-831617FFD251}.Release|x86.Build.0 = Release|x86
		{51E70CB7-10D9-4F40-AE86-FAA9528AA967}.Debug|Any CPU.ActiveCfg = Debug|Any CPU
		{51E70CB7-10D9-4F40-AE86-FAA9528AA967}.Debug|Any CPU.Build.0 = Debug|Any CPU
		{51E70CB7-10D9-4F40-AE86-FAA9528AA967}.Debug|x64.ActiveCfg = Debug|x64
		{51E70CB7-10D9-4F40-AE86-FAA9528AA967}.Debug|x64.Build.0 = Debug|x64
		{51E70CB7-10D9-4F40-AE86-FAA9528AA967}.Debug|x86.ActiveCfg = Debug|x86
		{51E70CB7-10D9-4F40-AE86-FAA9528AA967}.Debug|x86.Build.0 = Debug|x86
		{51E70CB7-10D9-4F40-AE86-FAA9528AA967}.Release|Any CPU.ActiveCfg = Release|Any CPU
		{51E70CB7-10D9-4F40-AE86-FAA9528AA967}.Release|Any CPU.Build.0 = Release|Any CPU
		{51E70CB7-10D9-4F40-AE86-FAA9528AA967}.Release|x64.ActiveCfg = Release|x64
		{51E70CB7-10D9-4F40-AE86-FAA9528AA967}.Release|x64.Build.0 = Release|x64
		{51E70CB7-10D9-4F40-AE86-FAA9528AA967}.Release|x86.ActiveCfg = Release|x86
		{51E70CB7-10D9-4F40-AE86-FAA9528AA967}.Release|x86.Build.0 = Release|x86
		{258C6502-E048-4177-8657-293969DA057C}.Debug|Any CPU.ActiveCfg = Debug|Any CPU
		{258C6502-E048-4177-8657-293969DA057C}.Debug|Any CPU.Build.0 = Debug|Any CPU
		{258C6502-E048-4177-8657-293969DA057C}.Debug|x64.ActiveCfg = Debug|x64
		{258C6502-E048-4177-8657-293969DA057C}.Debug|x64.Build.0 = Debug|x64
		{258C6502-E048-4177-8657-293969DA057C}.Debug|x86.ActiveCfg = Debug|x86
		{258C6502-E048-4177-8657-293969DA057C}.Debug|x86.Build.0 = Debug|x86
		{258C6502-E048-4177-8657-293969DA057C}.Release|Any CPU.ActiveCfg = Release|Any CPU
		{258C6502-E048-4177-8657-293969DA057C}.Release|Any CPU.Build.0 = Release|Any CPU
		{258C6502-E048-4177-8657-293969DA057C}.Release|x64.ActiveCfg = Release|x64
		{258C6502-E048-4177-8657-293969DA057C}.Release|x64.Build.0 = Release|x64
		{258C6502-E048-4177-8657-293969DA057C}.Release|x86.ActiveCfg = Release|x86
		{258C6502-E048-4177-8657-293969DA057C}.Release|x86.Build.0 = Release|x86
		{31C78D98-FB2F-465A-8485-3E01402F3027}.Debug|Any CPU.ActiveCfg = Debug|Any CPU
		{31C78D98-FB2F-465A-8485-3E01402F3027}.Debug|Any CPU.Build.0 = Debug|Any CPU
		{31C78D98-FB2F-465A-8485-3E01402F3027}.Debug|x64.ActiveCfg = Debug|x64
		{31C78D98-FB2F-465A-8485-3E01402F3027}.Debug|x64.Build.0 = Debug|x64
		{31C78D98-FB2F-465A-8485-3E01402F3027}.Debug|x86.ActiveCfg = Debug|x86
		{31C78D98-FB2F-465A-8485-3E01402F3027}.Debug|x86.Build.0 = Debug|x86
		{31C78D98-FB2F-465A-8485-3E01402F3027}.Release|Any CPU.ActiveCfg = Release|Any CPU
		{31C78D98-FB2F-465A-8485-3E01402F3027}.Release|Any CPU.Build.0 = Release|Any CPU
		{31C78D98-FB2F-465A-8485-3E01402F3027}.Release|x64.ActiveCfg = Release|x64
		{31C78D98-FB2F-465A-8485-3E01402F3027}.Release|x64.Build.0 = Release|x64
		{31C78D98-FB2F-465A-8485-3E01402F3027}.Release|x86.ActiveCfg = Release|x86
		{31C78D98-FB2F-465A-8485-3E01402F3027}.Release|x86.Build.0 = Release|x86
		{CB113B23-1298-491C-8879-167DA4642D4D}.Debug|Any CPU.ActiveCfg = Debug|Any CPU
		{CB113B23-1298-491C-8879-167DA4642D4D}.Debug|Any CPU.Build.0 = Debug|Any CPU
		{CB113B23-1298-491C-8879-167DA4642D4D}.Debug|x64.ActiveCfg = Debug|x64
		{CB113B23-1298-491C-8879-167DA4642D4D}.Debug|x64.Build.0 = Debug|x64
		{CB113B23-1298-491C-8879-167DA4642D4D}.Debug|x86.ActiveCfg = Debug|x86
		{CB113B23-1298-491C-8879-167DA4642D4D}.Debug|x86.Build.0 = Debug|x86
		{CB113B23-1298-491C-8879-167DA4642D4D}.Release|Any CPU.ActiveCfg = Release|Any CPU
		{CB113B23-1298-491C-8879-167DA4642D4D}.Release|Any CPU.Build.0 = Release|Any CPU
		{CB113B23-1298-491C-8879-167DA4642D4D}.Release|x64.ActiveCfg = Release|x64
		{CB113B23-1298-491C-8879-167DA4642D4D}.Release|x64.Build.0 = Release|x64
		{CB113B23-1298-491C-8879-167DA4642D4D}.Release|x86.ActiveCfg = Release|x86
		{CB113B23-1298-491C-8879-167DA4642D4D}.Release|x86.Build.0 = Release|x86
		{541292F0-CB95-4A55-A04A-0BA022313C7F}.Debug|Any CPU.ActiveCfg = Debug|Any CPU
		{541292F0-CB95-4A55-A04A-0BA022313C7F}.Debug|Any CPU.Build.0 = Debug|Any CPU
		{541292F0-CB95-4A55-A04A-0BA022313C7F}.Debug|x64.ActiveCfg = Debug|x64
		{541292F0-CB95-4A55-A04A-0BA022313C7F}.Debug|x64.Build.0 = Debug|x64
		{541292F0-CB95-4A55-A04A-0BA022313C7F}.Debug|x86.ActiveCfg = Debug|x86
		{541292F0-CB95-4A55-A04A-0BA022313C7F}.Debug|x86.Build.0 = Debug|x86
		{541292F0-CB95-4A55-A04A-0BA022313C7F}.Release|Any CPU.ActiveCfg = Release|Any CPU
		{541292F0-CB95-4A55-A04A-0BA022313C7F}.Release|Any CPU.Build.0 = Release|Any CPU
		{541292F0-CB95-4A55-A04A-0BA022313C7F}.Release|x64.ActiveCfg = Release|x64
		{541292F0-CB95-4A55-A04A-0BA022313C7F}.Release|x64.Build.0 = Release|x64
		{541292F0-CB95-4A55-A04A-0BA022313C7F}.Release|x86.ActiveCfg = Release|x86
		{541292F0-CB95-4A55-A04A-0BA022313C7F}.Release|x86.Build.0 = Release|x86
		{355BBF1E-EAB7-4DE8-877C-990273D96845}.Debug|Any CPU.ActiveCfg = Debug|Any CPU
		{355BBF1E-EAB7-4DE8-877C-990273D96845}.Debug|Any CPU.Build.0 = Debug|Any CPU
		{355BBF1E-EAB7-4DE8-877C-990273D96845}.Debug|x64.ActiveCfg = Debug|x64
		{355BBF1E-EAB7-4DE8-877C-990273D96845}.Debug|x64.Build.0 = Debug|x64
		{355BBF1E-EAB7-4DE8-877C-990273D96845}.Debug|x86.ActiveCfg = Debug|x86
		{355BBF1E-EAB7-4DE8-877C-990273D96845}.Debug|x86.Build.0 = Debug|x86
		{355BBF1E-EAB7-4DE8-877C-990273D96845}.Release|Any CPU.ActiveCfg = Release|Any CPU
		{355BBF1E-EAB7-4DE8-877C-990273D96845}.Release|Any CPU.Build.0 = Release|Any CPU
		{355BBF1E-EAB7-4DE8-877C-990273D96845}.Release|x64.ActiveCfg = Release|x64
		{355BBF1E-EAB7-4DE8-877C-990273D96845}.Release|x64.Build.0 = Release|x64
		{355BBF1E-EAB7-4DE8-877C-990273D96845}.Release|x86.ActiveCfg = Release|x86
		{355BBF1E-EAB7-4DE8-877C-990273D96845}.Release|x86.Build.0 = Release|x86
		{8355137B-A90B-49DC-898B-428ED0A466A5}.Debug|Any CPU.ActiveCfg = Debug|Any CPU
		{8355137B-A90B-49DC-898B-428ED0A466A5}.Debug|Any CPU.Build.0 = Debug|Any CPU
		{8355137B-A90B-49DC-898B-428ED0A466A5}.Debug|x64.ActiveCfg = Debug|x64
		{8355137B-A90B-49DC-898B-428ED0A466A5}.Debug|x64.Build.0 = Debug|x64
		{8355137B-A90B-49DC-898B-428ED0A466A5}.Debug|x86.ActiveCfg = Debug|x86
		{8355137B-A90B-49DC-898B-428ED0A466A5}.Debug|x86.Build.0 = Debug|x86
		{8355137B-A90B-49DC-898B-428ED0A466A5}.Release|Any CPU.ActiveCfg = Release|Any CPU
		{8355137B-A90B-49DC-898B-428ED0A466A5}.Release|Any CPU.Build.0 = Release|Any CPU
		{8355137B-A90B-49DC-898B-428ED0A466A5}.Release|x64.ActiveCfg = Release|x64
		{8355137B-A90B-49DC-898B-428ED0A466A5}.Release|x64.Build.0 = Release|x64
		{8355137B-A90B-49DC-898B-428ED0A466A5}.Release|x86.ActiveCfg = Release|x86
		{8355137B-A90B-49DC-898B-428ED0A466A5}.Release|x86.Build.0 = Release|x86
		{F67835B7-75D9-4982-B847-100BD10C28C3}.Debug|Any CPU.ActiveCfg = Debug|Any CPU
		{F67835B7-75D9-4982-B847-100BD10C28C3}.Debug|Any CPU.Build.0 = Debug|Any CPU
		{F67835B7-75D9-4982-B847-100BD10C28C3}.Debug|x64.ActiveCfg = Debug|x64
		{F67835B7-75D9-4982-B847-100BD10C28C3}.Debug|x64.Build.0 = Debug|x64
		{F67835B7-75D9-4982-B847-100BD10C28C3}.Debug|x86.ActiveCfg = Debug|x86
		{F67835B7-75D9-4982-B847-100BD10C28C3}.Debug|x86.Build.0 = Debug|x86
		{F67835B7-75D9-4982-B847-100BD10C28C3}.Release|Any CPU.ActiveCfg = Release|Any CPU
		{F67835B7-75D9-4982-B847-100BD10C28C3}.Release|Any CPU.Build.0 = Release|Any CPU
		{F67835B7-75D9-4982-B847-100BD10C28C3}.Release|x64.ActiveCfg = Release|x64
		{F67835B7-75D9-4982-B847-100BD10C28C3}.Release|x64.Build.0 = Release|x64
		{F67835B7-75D9-4982-B847-100BD10C28C3}.Release|x86.ActiveCfg = Release|x86
		{F67835B7-75D9-4982-B847-100BD10C28C3}.Release|x86.Build.0 = Release|x86
	EndGlobalSection
	GlobalSection(SolutionProperties) = preSolution
		HideSolutionNode = FALSE
	EndGlobalSection
	GlobalSection(NestedProjects) = preSolution
		{541292F0-CB95-4A55-A04A-0BA022313C7F} = {9CC79F12-F3F2-42B2-98EC-58E0ACB7BAC2}
		{355BBF1E-EAB7-4DE8-877C-990273D96845} = {9CC79F12-F3F2-42B2-98EC-58E0ACB7BAC2}
	EndGlobalSection
EndGlobal
